
Microsoft Visual Studio Solution File, Format Version 12.00
# Visual Studio Version 17
VisualStudioVersion = 17.7.34221.43
MinimumVisualStudioVersion = 10.0.40219.1
Project("{FAE04EC0-301F-11D3-BF4B-00C04F79EFBC}") = "016-) Isim Soyisim Sehir Yas Uygulamasi", "016-) Isim Soyisim Sehir Yas Uygulamasi\016-) Isim Soyisim Sehir Yas Uygulamasi.csproj", "{896B600F-EC02-41F2-ACEB-AF6CF247730C}"
EndProject
Global
	GlobalSection(SolutionConfigurationPlatforms) = preSolution
		Debug|Any CPU = Debug|Any CPU
		Release|Any CPU = Release|Any CPU
	EndGlobalSection
	GlobalSection(ProjectConfigurationPlatforms) = postSolution
		{896B600F-EC02-41F2-ACEB-AF6CF247730C}.Debug|Any CPU.ActiveCfg = Debug|Any CPU
		{896B600F-EC02-41F2-ACEB-AF6CF247730C}.Debug|Any CPU.Build.0 = Debug|Any CPU
		{896B600F-EC02-41F2-ACEB-AF6CF247730C}.Release|Any CPU.ActiveCfg = Release|Any CPU
		{896B600F-EC02-41F2-ACEB-AF6CF247730C}.Release|Any CPU.Build.0 = Release|Any CPU
	EndGlobalSection
	GlobalSection(SolutionProperties) = preSolution
		HideSolutionNode = FALSE
	EndGlobalSection
	GlobalSection(ExtensibilityGlobals) = postSolution
		SolutionGuid = {9EF26317-A013-491C-A43F-996DF590C754}
	EndGlobalSection
EndGlobal
