
Microsoft Visual Studio Solution File, Format Version 12.00
# Visual Studio Version 17
VisualStudioVersion = 17.7.34221.43
MinimumVisualStudioVersion = 10.0.40219.1
Project("{FAE04EC0-301F-11D3-BF4B-00C04F79EFBC}") = "015-) Var Anahtar Kelime Uygulamasi", "015-) Var Anahtar Kelime Uygulamasi\015-) Var Anahtar Kelime Uygulamasi.csproj", "{BD6B8BA1-1291-4AB1-934F-9B9B726D42F1}"
EndProject
Global
	GlobalSection(SolutionConfigurationPlatforms) = preSolution
		Debug|Any CPU = Debug|Any CPU
		Release|Any CPU = Release|Any CPU
	EndGlobalSection
	GlobalSection(ProjectConfigurationPlatforms) = postSolution
		{BD6B8BA1-1291-4AB1-934F-9B9B726D42F1}.Debug|Any CPU.ActiveCfg = Debug|Any CPU
		{BD6B8BA1-1291-4AB1-934F-9B9B726D42F1}.Debug|Any CPU.Build.0 = Debug|Any CPU
		{BD6B8BA1-1291-4AB1-934F-9B9B726D42F1}.Release|Any CPU.ActiveCfg = Release|Any CPU
		{BD6B8BA1-1291-4AB1-934F-9B9B726D42F1}.Release|Any CPU.Build.0 = Release|Any CPU
	EndGlobalSection
	GlobalSection(SolutionProperties) = preSolution
		HideSolutionNode = FALSE
	EndGlobalSection
	GlobalSection(ExtensibilityGlobals) = postSolution
		SolutionGuid = {C9DEF101-ADD8-4158-BE75-659C9160297F}
	EndGlobalSection
EndGlobal
