
Microsoft Visual Studio Solution File, Format Version 12.00
# Visual Studio Version 17
VisualStudioVersion = 17.7.34221.43
MinimumVisualStudioVersion = 10.0.40219.1
Project("{FAE04EC0-301F-11D3-BF4B-00C04F79EFBC}") = "003-) Degisken Tanimlama Yontemleri", "003-) Degisken Tanimlama Yontemleri\003-) Degisken Tanimlama Yontemleri.csproj", "{D75EEAD6-90AB-43FC-A179-4CC453135204}"
EndProject
Global
	GlobalSection(SolutionConfigurationPlatforms) = preSolution
		Debug|Any CPU = Debug|Any CPU
		Release|Any CPU = Release|Any CPU
	EndGlobalSection
	GlobalSection(ProjectConfigurationPlatforms) = postSolution
		{D75EEAD6-90AB-43FC-A179-4CC453135204}.Debug|Any CPU.ActiveCfg = Debug|Any CPU
		{D75EEAD6-90AB-43FC-A179-4CC453135204}.Debug|Any CPU.Build.0 = Debug|Any CPU
		{D75EEAD6-90AB-43FC-A179-4CC453135204}.Release|Any CPU.ActiveCfg = Release|Any CPU
		{D75EEAD6-90AB-43FC-A179-4CC453135204}.Release|Any CPU.Build.0 = Release|Any CPU
	EndGlobalSection
	GlobalSection(SolutionProperties) = preSolution
		HideSolutionNode = FALSE
	EndGlobalSection
	GlobalSection(ExtensibilityGlobals) = postSolution
		SolutionGuid = {D91E13B1-64BC-4FD0-868F-4AAEB4E497CB}
	EndGlobalSection
EndGlobal
