
Microsoft Visual Studio Solution File, Format Version 12.00
# Visual Studio Version 17
VisualStudioVersion = 17.7.34221.43
MinimumVisualStudioVersion = 10.0.40219.1
Project("{FAE04EC0-301F-11D3-BF4B-00C04F79EFBC}") = "012-) Bilincli ve Bilincsiz Tur Donusumleri", "012-) Bilincli ve Bilincsiz Tur Donusumleri\012-) Bilincli ve Bilincsiz Tur Donusumleri.csproj", "{CC92FC83-8938-43D2-90A5-929949465564}"
EndProject
Global
	GlobalSection(SolutionConfigurationPlatforms) = preSolution
		Debug|Any CPU = Debug|Any CPU
		Release|Any CPU = Release|Any CPU
	EndGlobalSection
	GlobalSection(ProjectConfigurationPlatforms) = postSolution
		{CC92FC83-8938-43D2-90A5-929949465564}.Debug|Any CPU.ActiveCfg = Debug|Any CPU
		{CC92FC83-8938-43D2-90A5-929949465564}.Debug|Any CPU.Build.0 = Debug|Any CPU
		{CC92FC83-8938-43D2-90A5-929949465564}.Release|Any CPU.ActiveCfg = Release|Any CPU
		{CC92FC83-8938-43D2-90A5-929949465564}.Release|Any CPU.Build.0 = Release|Any CPU
	EndGlobalSection
	GlobalSection(SolutionProperties) = preSolution
		HideSolutionNode = FALSE
	EndGlobalSection
	GlobalSection(ExtensibilityGlobals) = postSolution
		SolutionGuid = {706ADC2C-9D61-456E-B767-88A54DA740BE}
	EndGlobalSection
EndGlobal
