
Microsoft Visual Studio Solution File, Format Version 12.00
# Visual Studio Version 17
VisualStudioVersion = 17.11.35327.3
MinimumVisualStudioVersion = 10.0.40219.1
Project("{FAE04EC0-301F-11D3-BF4B-00C04F79EFBC}") = "029-) For Donguleri", "029-) For Donguleri\029-) For Donguleri.csproj", "{5BD14439-80DD-4931-AEA1-71A9EE8A1DC6}"
EndProject
Global
	GlobalSection(SolutionConfigurationPlatforms) = preSolution
		Debug|Any CPU = Debug|Any CPU
		Release|Any CPU = Release|Any CPU
	EndGlobalSection
	GlobalSection(ProjectConfigurationPlatforms) = postSolution
		{5BD14439-80DD-4931-AEA1-71A9EE8A1DC6}.Debug|Any CPU.ActiveCfg = Debug|Any CPU
		{5BD14439-80DD-4931-AEA1-71A9EE8A1DC6}.Debug|Any CPU.Build.0 = Debug|Any CPU
		{5BD14439-80DD-4931-AEA1-71A9EE8A1DC6}.Release|Any CPU.ActiveCfg = Release|Any CPU
		{5BD14439-80DD-4931-AEA1-71A9EE8A1DC6}.Release|Any CPU.Build.0 = Release|Any CPU
	EndGlobalSection
	GlobalSection(SolutionProperties) = preSolution
		HideSolutionNode = FALSE
	EndGlobalSection
	GlobalSection(ExtensibilityGlobals) = postSolution
		SolutionGuid = {9D94E979-AA84-4ED3-A1B3-72447D813A27}
	EndGlobalSection
EndGlobal
