
Microsoft Visual Studio Solution File, Format Version 12.00
# Visual Studio Version 17
VisualStudioVersion = 17.7.34221.43
MinimumVisualStudioVersion = 10.0.40219.1
Project("{FAE04EC0-301F-11D3-BF4B-00C04F79EFBC}") = "002-) Debug - Breakpoint", "002-) Debug - Breakpoint\002-) Debug - Breakpoint.csproj", "{1137E345-DB39-4AC4-8E65-EB5B070F1A28}"
EndProject
Global
	GlobalSection(SolutionConfigurationPlatforms) = preSolution
		Debug|Any CPU = Debug|Any CPU
		Release|Any CPU = Release|Any CPU
	EndGlobalSection
	GlobalSection(ProjectConfigurationPlatforms) = postSolution
		{1137E345-DB39-4AC4-8E65-EB5B070F1A28}.Debug|Any CPU.ActiveCfg = Debug|Any CPU
		{1137E345-DB39-4AC4-8E65-EB5B070F1A28}.Debug|Any CPU.Build.0 = Debug|Any CPU
		{1137E345-DB39-4AC4-8E65-EB5B070F1A28}.Release|Any CPU.ActiveCfg = Release|Any CPU
		{1137E345-DB39-4AC4-8E65-EB5B070F1A28}.Release|Any CPU.Build.0 = Release|Any CPU
	EndGlobalSection
	GlobalSection(SolutionProperties) = preSolution
		HideSolutionNode = FALSE
	EndGlobalSection
	GlobalSection(ExtensibilityGlobals) = postSolution
		SolutionGuid = {358EB49B-5C0B-47A7-88A8-38C86D932094}
	EndGlobalSection
EndGlobal
