
Microsoft Visual Studio Solution File, Format Version 12.00
# Visual Studio Version 17
VisualStudioVersion = 17.11.35327.3
MinimumVisualStudioVersion = 10.0.40219.1
Project("{FAE04EC0-301F-11D3-BF4B-00C04F79EFBC}") = "024-) IF-ELSE-SWITCH", "024-) IF-ELSE-SWITCH\024-) IF-ELSE-SWITCH.csproj", "{EDDD783B-6C02-4CFC-9880-D9FA424CC4AD}"
EndProject
Global
	GlobalSection(SolutionConfigurationPlatforms) = preSolution
		Debug|Any CPU = Debug|Any CPU
		Release|Any CPU = Release|Any CPU
	EndGlobalSection
	GlobalSection(ProjectConfigurationPlatforms) = postSolution
		{EDDD783B-6C02-4CFC-9880-D9FA424CC4AD}.Debug|Any CPU.ActiveCfg = Debug|Any CPU
		{EDDD783B-6C02-4CFC-9880-D9FA424CC4AD}.Debug|Any CPU.Build.0 = Debug|Any CPU
		{EDDD783B-6C02-4CFC-9880-D9FA424CC4AD}.Release|Any CPU.ActiveCfg = Release|Any CPU
		{EDDD783B-6C02-4CFC-9880-D9FA424CC4AD}.Release|Any CPU.Build.0 = Release|Any CPU
	EndGlobalSection
	GlobalSection(SolutionProperties) = preSolution
		HideSolutionNode = FALSE
	EndGlobalSection
	GlobalSection(ExtensibilityGlobals) = postSolution
		SolutionGuid = {3F5F079C-F174-4C0D-A035-EEF2C479628B}
	EndGlobalSection
EndGlobal
