
Microsoft Visual Studio Solution File, Format Version 12.00
# Visual Studio Version 17
VisualStudioVersion = 17.7.34221.43
MinimumVisualStudioVersion = 10.0.40219.1
Project("{FAE04EC0-301F-11D3-BF4B-00C04F79EFBC}") = "001-) Console Write & WriteLine", "001-) Console Write & WriteLine\001-) Console Write & WriteLine.csproj", "{5DF0AFE2-CCC8-4834-8D4B-A6DED12EFBF6}"
EndProject
Global
	GlobalSection(SolutionConfigurationPlatforms) = preSolution
		Debug|Any CPU = Debug|Any CPU
		Release|Any CPU = Release|Any CPU
	EndGlobalSection
	GlobalSection(ProjectConfigurationPlatforms) = postSolution
		{5DF0AFE2-CCC8-4834-8D4B-A6DED12EFBF6}.Debug|Any CPU.ActiveCfg = Debug|Any CPU
		{5DF0AFE2-CCC8-4834-8D4B-A6DED12EFBF6}.Debug|Any CPU.Build.0 = Debug|Any CPU
		{5DF0AFE2-CCC8-4834-8D4B-A6DED12EFBF6}.Release|Any CPU.ActiveCfg = Release|Any CPU
		{5DF0AFE2-CCC8-4834-8D4B-A6DED12EFBF6}.Release|Any CPU.Build.0 = Release|Any CPU
	EndGlobalSection
	GlobalSection(SolutionProperties) = preSolution
		HideSolutionNode = FALSE
	EndGlobalSection
	GlobalSection(ExtensibilityGlobals) = postSolution
		SolutionGuid = {0DAEBD67-CF38-4EEE-BA37-B73556A6992D}
	EndGlobalSection
EndGlobal
