
Microsoft Visual Studio Solution File, Format Version 12.00
# Visual Studio Version 17
VisualStudioVersion = 17.11.35327.3
MinimumVisualStudioVersion = 10.0.40219.1
Project("{FAE04EC0-301F-11D3-BF4B-00C04F79EFBC}") = "031-) While Dongusu", "031-) While Dongusu\031-) While Dongusu.csproj", "{E7A275E0-46AC-41B8-83F1-FF4961E882E5}"
EndProject
Global
	GlobalSection(SolutionConfigurationPlatforms) = preSolution
		Debug|Any CPU = Debug|Any CPU
		Release|Any CPU = Release|Any CPU
	EndGlobalSection
	GlobalSection(ProjectConfigurationPlatforms) = postSolution
		{E7A275E0-46AC-41B8-83F1-FF4961E882E5}.Debug|Any CPU.ActiveCfg = Debug|Any CPU
		{E7A275E0-46AC-41B8-83F1-FF4961E882E5}.Debug|Any CPU.Build.0 = Debug|Any CPU
		{E7A275E0-46AC-41B8-83F1-FF4961E882E5}.Release|Any CPU.ActiveCfg = Release|Any CPU
		{E7A275E0-46AC-41B8-83F1-FF4961E882E5}.Release|Any CPU.Build.0 = Release|Any CPU
	EndGlobalSection
	GlobalSection(SolutionProperties) = preSolution
		HideSolutionNode = FALSE
	EndGlobalSection
	GlobalSection(ExtensibilityGlobals) = postSolution
		SolutionGuid = {2AB07EE6-96B1-4D82-8AF0-444819ACD619}
	EndGlobalSection
EndGlobal
